
Microsoft Visual Studio Solution File, Format Version 12.00
# Visual Studio 2013
VisualStudioVersion = 12.0.40629.0
MinimumVisualStudioVersion = 10.0.40219.1
Project("{8BC9CEB8-8B4A-11D0-8D11-00A0C91BC942}") = "test_11_13", "test_11_13\test_11_13.vcxproj", "{4437C9E6-FC01-4EBE-9475-B0768FFF093E}"
EndProject
Global
	GlobalSection(SolutionConfigurationPlatforms) = preSolution
		Debug|Win32 = Debug|Win32
		Release|Win32 = Release|Win32
	EndGlobalSection
	GlobalSection(ProjectConfigurationPlatforms) = postSolution
		{4437C9E6-FC01-4EBE-9475-B0768FFF093E}.Debug|Win32.ActiveCfg = Debug|Win32
		{4437C9E6-FC01-4EBE-9475-B0768FFF093E}.Debug|Win32.Build.0 = Debug|Win32
		{4437C9E6-FC01-4EBE-9475-B0768FFF093E}.Release|Win32.ActiveCfg = Release|Win32
		{4437C9E6-FC01-4EBE-9475-B0768FFF093E}.Release|Win32.Build.0 = Release|Win32
	EndGlobalSection
	GlobalSection(SolutionProperties) = preSolution
		HideSolutionNode = FALSE
	EndGlobalSection
EndGlobal
